Microsoft Visual Studio Solution File, Format Version 12.00
# Visual Studio Version 17
VisualStudioVersion = 17.5.2.0
MinimumVisualStudioVersion = 10.0.40219.1
Project("{FAE04EC0-301F-11D3-BF4B-00C04F79EFBC}") = "ava-tipos-values-references-passagem", "ava-tipos-values-references-passagem.csproj", "{831DBA59-A34C-BEF4-9FAC-2D887C40DAA6}"
EndProject
Global
	GlobalSection(SolutionConfigurationPlatforms) = preSolution
		Debug|Any CPU = Debug|Any CPU
		Release|Any CPU = Release|Any CPU
	EndGlobalSection
	GlobalSection(ProjectConfigurationPlatforms) = postSolution
		{831DBA59-A34C-BEF4-9FAC-2D887C40DAA6}.Debug|Any CPU.ActiveCfg = Debug|Any CPU
		{831DBA59-A34C-BEF4-9FAC-2D887C40DAA6}.Debug|Any CPU.Build.0 = Debug|Any CPU
		{831DBA59-A34C-BEF4-9FAC-2D887C40DAA6}.Release|Any CPU.ActiveCfg = Release|Any CPU
		{831DBA59-A34C-BEF4-9FAC-2D887C40DAA6}.Release|Any CPU.Build.0 = Release|Any CPU
	EndGlobalSection
	GlobalSection(SolutionProperties) = preSolution
		HideSolutionNode = FALSE
	EndGlobalSection
	GlobalSection(ExtensibilityGlobals) = postSolution
		SolutionGuid = {3D7EFE6C-03B1-4C75-BBEE-9BCDB5906DCF}
	EndGlobalSection
EndGlobal
